{
  "name": "hyprslop",
  "lockfileVersion": 3,
  "requires": true,
  "packages": {
    "": {
      "dependencies": {
        "ags": "*",
        "emojilib": "^4.0.2",
        "gnim": "*",
        "unicode-emoji-json": "^0.8.0"
      },
      "devDependencies": {
        "typescript": "^6.0.2"
      }
    },
    "../../../../usr/share/ags/js": {
      "name": "ags",
      "version": "3.1.0",
      "license": "LGPL-2.1",
      "os": [
        "linux"
      ],
      "devDependencies": {
        "@eslint/js": "latest",
        "eslint": "^9.39.1",
        "typescript": "^5.9.3",
        "typescript-eslint": "^8.48.0"
      },
      "engines": {
        "gjs": ">=1.79.0"
      },
      "funding": {
        "type": "kofi",
        "url": "https://ko-fi.com/aylur"
      },
      "peerDependencies": {
        "gnim": "^1.9.0"
      }
    },
    "../../../../usr/share/ags/js/node_modules/gnim": {
      "version": "1.9.0",
      "license": "MIT",
      "engines": {
        "gjs": ">=1.79.0"
      },
      "funding": {
        "type": "kofi",
        "url": "https://ko-fi.com/aylur"
      }
    },
    "node_modules/ags": {
      "resolved": "../../../../usr/share/ags/js",
      "link": true
    },
    "node_modules/emojilib": {
      "version": "4.0.2",
      "resolved": "https://registry.npmjs.org/emojilib/-/emojilib-4.0.2.tgz",
      "integrity": "sha512-8sP3sfAi861cNaFFp7RmyKi4S26K34ZKy4si75ojUW627AIVBHhMSu2SFJo3YRoK66YWnbysIbOk/d48uEqtKQ==",
      "license": "MIT"
    },
    "node_modules/gnim": {
      "resolved": "../../../../usr/share/ags/js/node_modules/gnim",
      "link": true
    },
    "node_modules/typescript": {
      "version": "6.0.2",
      "resolved": "https://registry.npmjs.org/typescript/-/typescript-6.0.2.tgz",
      "integrity": "sha512-bGdAIrZ0wiGDo5l8c++HWtbaNCWTS4UTv7RaTH/ThVIgjkveJt83m74bBHMJkuCbslY8ixgLBVZJIOiQlQTjfQ==",
      "dev": true,
      "license": "Apache-2.0",
      "bin": {
        "tsc": "bin/tsc",
        "tsserver": "bin/tsserver"
      },
      "engines": {
        "node": ">=14.17"
      }
    },
    "node_modules/unicode-emoji-json": {
      "version": "0.8.0",
      "resolved": "https://registry.npmjs.org/unicode-emoji-json/-/unicode-emoji-json-0.8.0.tgz",
      "integrity": "sha512-3wDXXvp6YGoKGhS2O2H7+V+bYduOBydN1lnI0uVfr1cIdY02uFFiEH1i3kE5CCE4l6UqbLKVmEFW9USxTAMD1g==",
      "license": "MIT"
    }
  }
}
